
Microsoft Visual Studio Solution File, Format Version 12.00
# Visual Studio Version 16
VisualStudioVersion = 16.0.31129.286
MinimumVisualStudioVersion = 10.0.40219.1
Project("{FAE04EC0-301F-11D3-BF4B-00C04F79EFBC}") = "Ex03.GarageLogic", "Ex03.GarageLogic\Ex03.GarageLogic.csproj", "{6F08BCFC-65BD-4B7F-A770-4CC6ED001ECD}"
EndProject
Project("{FAE04EC0-301F-11D3-BF4B-00C04F79EFBC}") = "Ex03.ConsoleUI", "Ex03.ConsoleUI\Ex03.ConsoleUI.csproj", "{21E161B3-FBAB-4853-A848-D2E49ED98DFF}"
EndProject
Global
	GlobalSection(SolutionConfigurationPlatforms) = preSolution
		Debug|Any CPU = Debug|Any CPU
		Release|Any CPU = Release|Any CPU
	EndGlobalSection
	GlobalSection(ProjectConfigurationPlatforms) = postSolution
		{6F08BCFC-65BD-4B7F-A770-4CC6ED001ECD}.Debug|Any CPU.ActiveCfg = Debug|Any CPU
		{6F08BCFC-65BD-4B7F-A770-4CC6ED001ECD}.Debug|Any CPU.Build.0 = Debug|Any CPU
		{6F08BCFC-65BD-4B7F-A770-4CC6ED001ECD}.Release|Any CPU.ActiveCfg = Release|Any CPU
		{6F08BCFC-65BD-4B7F-A770-4CC6ED001ECD}.Release|Any CPU.Build.0 = Release|Any CPU
		{21E161B3-FBAB-4853-A848-D2E49ED98DFF}.Debug|Any CPU.ActiveCfg = Debug|Any CPU
		{21E161B3-FBAB-4853-A848-D2E49ED98DFF}.Debug|Any CPU.Build.0 = Debug|Any CPU
		{21E161B3-FBAB-4853-A848-D2E49ED98DFF}.Release|Any CPU.ActiveCfg = Release|Any CPU
		{21E161B3-FBAB-4853-A848-D2E49ED98DFF}.Release|Any CPU.Build.0 = Release|Any CPU
	EndGlobalSection
	GlobalSection(SolutionProperties) = preSolution
		HideSolutionNode = FALSE
	EndGlobalSection
	GlobalSection(ExtensibilityGlobals) = postSolution
		SolutionGuid = {C5B5B7E3-96A2-4510-941B-36C139555CCB}
	EndGlobalSection
EndGlobal
